
Microsoft Visual Studio Solution File, Format Version 12.00
# Visual Studio Version 16
VisualStudioVersion = 16.0.29123.89
MinimumVisualStudioVersion = 10.0.40219.1
Project("{9A19103F-16F7-4668-BE54-9A1E7A4F7556}") = "USBFunctionModeSwitcher", "USBFunctionModeSwitcher\USBFunctionModeSwitcher.csproj", "{9EE8B381-17AF-40A4-973D-A59D9CAAC36E}"
EndProject
Global
	GlobalSection(SolutionConfigurationPlatforms) = preSolution
		Debug|Any CPU = Debug|Any CPU
		Release|Any CPU = Release|Any CPU
	EndGlobalSection
	GlobalSection(ProjectConfigurationPlatforms) = postSolution
		{9EE8B381-17AF-40A4-973D-A59D9CAAC36E}.Debug|Any CPU.ActiveCfg = Debug|Any CPU
		{9EE8B381-17AF-40A4-973D-A59D9CAAC36E}.Debug|Any CPU.Build.0 = Debug|Any CPU
		{9EE8B381-17AF-40A4-973D-A59D9CAAC36E}.Release|Any CPU.ActiveCfg = Release|Any CPU
		{9EE8B381-17AF-40A4-973D-A59D9CAAC36E}.Release|Any CPU.Build.0 = Release|Any CPU
	EndGlobalSection
	GlobalSection(SolutionProperties) = preSolution
		HideSolutionNode = FALSE
	EndGlobalSection
	GlobalSection(ExtensibilityGlobals) = postSolution
		SolutionGuid = {CF01D255-7493-42FE-8EFE-9E11D68BF2EE}
	EndGlobalSection
EndGlobal
